
Microsoft Visual Studio Solution File, Format Version 12.00
# Visual Studio Version 17
VisualStudioVersion = 17.8.34525.116
MinimumVisualStudioVersion = 10.0.40219.1
Project("{FAE04EC0-301F-11D3-BF4B-00C04F79EFBC}") = "CertiFlowTeam", "CertiFlowTeam\CertiFlowTeam.csproj", "{D0ADC5F4-2D23-4814-AE95-1128103970A6}"
EndProject
Global
	GlobalSection(SolutionConfigurationPlatforms) = preSolution
		Debug|Any CPU = Debug|Any CPU
		Release|Any CPU = Release|Any CPU
	EndGlobalSection
	GlobalSection(ProjectConfigurationPlatforms) = postSolution
		{D0ADC5F4-2D23-4814-AE95-1128103970A6}.Debug|Any CPU.ActiveCfg = Debug|Any CPU
		{D0ADC5F4-2D23-4814-AE95-1128103970A6}.Debug|Any CPU.Build.0 = Debug|Any CPU
		{D0ADC5F4-2D23-4814-AE95-1128103970A6}.Release|Any CPU.ActiveCfg = Release|Any CPU
		{D0ADC5F4-2D23-4814-AE95-1128103970A6}.Release|Any CPU.Build.0 = Release|Any CPU
	EndGlobalSection
	GlobalSection(SolutionProperties) = preSolution
		HideSolutionNode = FALSE
	EndGlobalSection
	GlobalSection(ExtensibilityGlobals) = postSolution
		SolutionGuid = {FCD483BE-92CE-428F-9CDD-351D67866BE3}
	EndGlobalSection
EndGlobal
